
Microsoft Visual Studio Solution File, Format Version 12.00
# Visual Studio 15
VisualStudioVersion = 15.0.26730.10
MinimumVisualStudioVersion = 10.0.40219.1
Project("{FAE04EC0-301F-11D3-BF4B-00C04F79EFBC}") = "MQ.CoreServer", "MQ.CoreServer\MQ.CoreServer.csproj", "{71CA5EF1-3154-4274-B3A3-C2EF01E957E8}"
EndProject
Project("{FAE04EC0-301F-11D3-BF4B-00C04F79EFBC}") = "MQ.BrokerServer", "MQ.BrokerServer\MQ.BrokerServer.csproj", "{3D5794A7-9E18-44CE-9718-D16B355EF393}"
EndProject
Project("{FAE04EC0-301F-11D3-BF4B-00C04F79EFBC}") = "MQ.BrokerClient", "MQ.BrokerClient\MQ.BrokerClient.csproj", "{7E4A5E93-B01E-43AA-88EF-AAC98DA90306}"
EndProject
Project("{FAE04EC0-301F-11D3-BF4B-00C04F79EFBC}") = "MQ.Common", "MQ.Common\MQ.Common.csproj", "{D28B965B-B5A3-40FD-A5B3-57ECB6A716E8}"
EndProject
Project("{2150E333-8FDC-42A3-9474-1A3956D46DE8}") = "Net461", "Net461", "{50713ACA-04BD-45AA-86C4-B6147263D95A}"
EndProject
Project("{2150E333-8FDC-42A3-9474-1A3956D46DE8}") = "DotNetCore", "DotNetCore", "{53AAEB19-059D-476C-9997-FCA583EF4734}"
EndProject
Project("{9A19103F-16F7-4668-BE54-9A1E7A4F7556}") = "MQ.StandCommon", "DotNetCore\MQ.StandCommon\MQ.StandCommon.csproj", "{02F4C811-FAA7-41C1-A478-68E5ACBC4BC7}"
EndProject
Project("{9A19103F-16F7-4668-BE54-9A1E7A4F7556}") = "MQ.StandCoreServer", "DotNetCore\MQ.StandCoreServer\MQ.StandCoreServer.csproj", "{B19C775D-3B38-4255-9E3D-C90C92026433}"
EndProject
Project("{FAE04EC0-301F-11D3-BF4B-00C04F79EFBC}") = "MQ.BrokerServer", "DotNetCore\MQ.BrokerServer\MQ.BrokerServer.csproj", "{4A60C757-2338-4E46-9529-410219E93FF0}"
EndProject
Project("{9A19103F-16F7-4668-BE54-9A1E7A4F7556}") = "MQ.StandCoreClient", "DotNetCore\MQ.StandCoreClient\MQ.StandCoreClient.csproj", "{FB97B52A-B2F3-46E2-ACD9-6621ED8656E2}"
EndProject
Project("{FAE04EC0-301F-11D3-BF4B-00C04F79EFBC}") = "MQ.BrokerClient", "DotNetCore\MQ.BrokerClient\MQ.BrokerClient.csproj", "{2568492C-22AF-466C-A110-92764F2163FB}"
EndProject
Project("{2150E333-8FDC-42A3-9474-1A3956D46DE8}") = "dotnetcor", "dotnetcor", "{79D27AE2-C7FE-400C-B4A9-6935D8F81660}"
EndProject
Global
	GlobalSection(SolutionConfigurationPlatforms) = preSolution
		Debug|Any CPU = Debug|Any CPU
		Release|Any CPU = Release|Any CPU
	EndGlobalSection
	GlobalSection(ProjectConfigurationPlatforms) = postSolution
		{71CA5EF1-3154-4274-B3A3-C2EF01E957E8}.Debug|Any CPU.ActiveCfg = Debug|Any CPU
		{71CA5EF1-3154-4274-B3A3-C2EF01E957E8}.Debug|Any CPU.Build.0 = Debug|Any CPU
		{71CA5EF1-3154-4274-B3A3-C2EF01E957E8}.Release|Any CPU.ActiveCfg = Release|Any CPU
		{71CA5EF1-3154-4274-B3A3-C2EF01E957E8}.Release|Any CPU.Build.0 = Release|Any CPU
		{3D5794A7-9E18-44CE-9718-D16B355EF393}.Debug|Any CPU.ActiveCfg = Debug|Any CPU
		{3D5794A7-9E18-44CE-9718-D16B355EF393}.Debug|Any CPU.Build.0 = Debug|Any CPU
		{3D5794A7-9E18-44CE-9718-D16B355EF393}.Release|Any CPU.ActiveCfg = Release|Any CPU
		{3D5794A7-9E18-44CE-9718-D16B355EF393}.Release|Any CPU.Build.0 = Release|Any CPU
		{7E4A5E93-B01E-43AA-88EF-AAC98DA90306}.Debug|Any CPU.ActiveCfg = Debug|Any CPU
		{7E4A5E93-B01E-43AA-88EF-AAC98DA90306}.Debug|Any CPU.Build.0 = Debug|Any CPU
		{7E4A5E93-B01E-43AA-88EF-AAC98DA90306}.Release|Any CPU.ActiveCfg = Release|Any CPU
		{7E4A5E93-B01E-43AA-88EF-AAC98DA90306}.Release|Any CPU.Build.0 = Release|Any CPU
		{D28B965B-B5A3-40FD-A5B3-57ECB6A716E8}.Debug|Any CPU.ActiveCfg = Debug|Any CPU
		{D28B965B-B5A3-40FD-A5B3-57ECB6A716E8}.Debug|Any CPU.Build.0 = Debug|Any CPU
		{D28B965B-B5A3-40FD-A5B3-57ECB6A716E8}.Release|Any CPU.ActiveCfg = Release|Any CPU
		{D28B965B-B5A3-40FD-A5B3-57ECB6A716E8}.Release|Any CPU.Build.0 = Release|Any CPU
		{02F4C811-FAA7-41C1-A478-68E5ACBC4BC7}.Debug|Any CPU.ActiveCfg = Debug|Any CPU
		{02F4C811-FAA7-41C1-A478-68E5ACBC4BC7}.Debug|Any CPU.Build.0 = Debug|Any CPU
		{02F4C811-FAA7-41C1-A478-68E5ACBC4BC7}.Release|Any CPU.ActiveCfg = Release|Any CPU
		{02F4C811-FAA7-41C1-A478-68E5ACBC4BC7}.Release|Any CPU.Build.0 = Release|Any CPU
		{B19C775D-3B38-4255-9E3D-C90C92026433}.Debug|Any CPU.ActiveCfg = Debug|Any CPU
		{B19C775D-3B38-4255-9E3D-C90C92026433}.Debug|Any CPU.Build.0 = Debug|Any CPU
		{B19C775D-3B38-4255-9E3D-C90C92026433}.Release|Any CPU.ActiveCfg = Release|Any CPU
		{B19C775D-3B38-4255-9E3D-C90C92026433}.Release|Any CPU.Build.0 = Release|Any CPU
		{4A60C757-2338-4E46-9529-410219E93FF0}.Debug|Any CPU.ActiveCfg = Debug|Any CPU
		{4A60C757-2338-4E46-9529-410219E93FF0}.Debug|Any CPU.Build.0 = Debug|Any CPU
		{4A60C757-2338-4E46-9529-410219E93FF0}.Release|Any CPU.ActiveCfg = Release|Any CPU
		{4A60C757-2338-4E46-9529-410219E93FF0}.Release|Any CPU.Build.0 = Release|Any CPU
		{FB97B52A-B2F3-46E2-ACD9-6621ED8656E2}.Debug|Any CPU.ActiveCfg = Debug|Any CPU
		{FB97B52A-B2F3-46E2-ACD9-6621ED8656E2}.Debug|Any CPU.Build.0 = Debug|Any CPU
		{FB97B52A-B2F3-46E2-ACD9-6621ED8656E2}.Release|Any CPU.ActiveCfg = Release|Any CPU
		{FB97B52A-B2F3-46E2-ACD9-6621ED8656E2}.Release|Any CPU.Build.0 = Release|Any CPU
		{2568492C-22AF-466C-A110-92764F2163FB}.Debug|Any CPU.ActiveCfg = Debug|Any CPU
		{2568492C-22AF-466C-A110-92764F2163FB}.Debug|Any CPU.Build.0 = Debug|Any CPU
		{2568492C-22AF-466C-A110-92764F2163FB}.Release|Any CPU.ActiveCfg = Release|Any CPU
		{2568492C-22AF-466C-A110-92764F2163FB}.Release|Any CPU.Build.0 = Release|Any CPU
	EndGlobalSection
	GlobalSection(SolutionProperties) = preSolution
		HideSolutionNode = FALSE
	EndGlobalSection
	GlobalSection(NestedProjects) = preSolution
		{71CA5EF1-3154-4274-B3A3-C2EF01E957E8} = {50713ACA-04BD-45AA-86C4-B6147263D95A}
		{3D5794A7-9E18-44CE-9718-D16B355EF393} = {50713ACA-04BD-45AA-86C4-B6147263D95A}
		{7E4A5E93-B01E-43AA-88EF-AAC98DA90306} = {50713ACA-04BD-45AA-86C4-B6147263D95A}
		{D28B965B-B5A3-40FD-A5B3-57ECB6A716E8} = {50713ACA-04BD-45AA-86C4-B6147263D95A}
		{02F4C811-FAA7-41C1-A478-68E5ACBC4BC7} = {53AAEB19-059D-476C-9997-FCA583EF4734}
		{B19C775D-3B38-4255-9E3D-C90C92026433} = {53AAEB19-059D-476C-9997-FCA583EF4734}
		{4A60C757-2338-4E46-9529-410219E93FF0} = {53AAEB19-059D-476C-9997-FCA583EF4734}
		{FB97B52A-B2F3-46E2-ACD9-6621ED8656E2} = {53AAEB19-059D-476C-9997-FCA583EF4734}
		{2568492C-22AF-466C-A110-92764F2163FB} = {53AAEB19-059D-476C-9997-FCA583EF4734}
	EndGlobalSection
	GlobalSection(ExtensibilityGlobals) = postSolution
		SolutionGuid = {31D2A75F-9E36-48C4-8431-706941F863FA}
	EndGlobalSection
	GlobalSection(Performance) = preSolution
		HasPerformanceSessions = true
	EndGlobalSection
EndGlobal
